{
  "name": "@tmdt-buw/gideon-replay",
  "version": "0.2.1",
  "lockfileVersion": 1,
  "requires": true,
  "dependencies": {
    "@lit/reactive-element": {
      "version": "1.1.2",
      "resolved": "https://registry.npmjs.org/@lit/reactive-element/-/reactive-element-1.1.2.tgz",
      "integrity": "sha512-k0509kNIsQ+UMcaW8mqcH6/os/Do3cm35HmES4yUAahb5vLKeEqCaGLy6+s1bPZTqwPIpQRPgfNgxHRZ+etvZg=="
    },
    "@medv/finder": {
      "version": "2.1.0",
      "resolved": "https://registry.npmjs.org/@medv/finder/-/finder-2.1.0.tgz",
      "integrity": "sha512-Egrg5XO4kLol24b1Kv50HDfi5hW0yQ6aWSsO0Hea1eJ4rogKElIN0M86FdVnGF4XIGYyA7QWx0MgbOzVPA0qkA=="
    },
    "@rengr/heatmap.js": {
      "version": "2.0.10",
      "resolved": "https://registry.npmjs.org/@rengr/heatmap.js/-/heatmap.js-2.0.10.tgz",
      "integrity": "sha512-IT8892vQiPPiWNm7kAESTruJ7wk6/F0zVj642/1ilW6s6VYxB3lpoqQCSdTFd/6E2HHT/FUiAHU3Qnfq0M/6wQ=="
    },
    "@types/trusted-types": {
      "version": "2.0.2",
      "resolved": "https://registry.npmjs.org/@types/trusted-types/-/trusted-types-2.0.2.tgz",
      "integrity": "sha512-F5DIZ36YVLE+PN+Zwws4kJogq47hNgX3Nx6WyDJ3kcplxyke3XIzB8uK5n/Lpm1HBsbGzd6nmGehL8cPekP+Tg=="
    },
    "lit": {
      "version": "2.1.1",
      "resolved": "https://registry.npmjs.org/lit/-/lit-2.1.1.tgz",
      "integrity": "sha512-yqDqf36IhXwOxIQSFqCMgpfvDCRdxLCLZl7m/+tO5C9W/OBHUj17qZpiMBT35v97QMVKcKEi1KZ3hZRyTwBNsQ==",
      "requires": {
        "@lit/reactive-element": "^1.1.0",
        "lit-element": "^3.1.0",
        "lit-html": "^2.1.0"
      }
    },
    "lit-element": {
      "version": "3.1.1",
      "resolved": "https://registry.npmjs.org/lit-element/-/lit-element-3.1.1.tgz",
      "integrity": "sha512-14ClnMAU8EXnzC+M2/KDd3SFmNUn1QUw1+GxWkEMwGV3iaH8ObunMlO5svzvaWlkSV0WlxJCi40NGnDVJ2XZKQ==",
      "requires": {
        "@lit/reactive-element": "^1.1.0",
        "lit-html": "^2.1.0"
      }
    },
    "lit-html": {
      "version": "2.1.1",
      "resolved": "https://registry.npmjs.org/lit-html/-/lit-html-2.1.1.tgz",
      "integrity": "sha512-E4BImK6lopAYanJpvcGaAG8kQFF1ccIulPu2BRNZI7acFB6i4ujjjsnaPVFT1j/4lD9r8GKih0Y8d7/LH8SeyQ==",
      "requires": {
        "@types/trusted-types": "^2.0.2"
      }
    },
    "tslib": {
      "version": "2.3.1",
      "resolved": "https://registry.npmjs.org/tslib/-/tslib-2.3.1.tgz",
      "integrity": "sha512-77EbyPPpMz+FRFRuAFlWMtmgUWGe9UOG2Z25NqCwiIjRhOf5iKGuzSe5P2w1laq+FkRy4p+PCuVkJSGkzTEKVw=="
    }
  }
}
